
Microsoft Visual Studio Solution File, Format Version 12.00
# Visual Studio Version 16
VisualStudioVersion = 16.0.30914.41
MinimumVisualStudioVersion = 10.0.40219.1
Project("{FAE04EC0-301F-11D3-BF4B-00C04F79EFBC}") = "ApartmentFinder", "ApartmentFinderSolution.csproj", "{2E566052-1CDC-4BA9-983D-EBF961F8EF6D}"
EndProject
Global
	GlobalSection(SolutionConfigurationPlatforms) = preSolution
		Debug|Any CPU = Debug|Any CPU
		Release|Any CPU = Release|Any CPU
	EndGlobalSection
	GlobalSection(ProjectConfigurationPlatforms) = postSolution
		{2E566052-1CDC-4BA9-983D-EBF961F8EF6D}.Debug|Any CPU.ActiveCfg = Debug|Any CPU
		{2E566052-1CDC-4BA9-983D-EBF961F8EF6D}.Debug|Any CPU.Build.0 = Debug|Any CPU
		{2E566052-1CDC-4BA9-983D-EBF961F8EF6D}.Release|Any CPU.ActiveCfg = Release|Any CPU
		{2E566052-1CDC-4BA9-983D-EBF961F8EF6D}.Release|Any CPU.Build.0 = Release|Any CPU
	EndGlobalSection
	GlobalSection(SolutionProperties) = preSolution
		HideSolutionNode = FALSE
	EndGlobalSection
	GlobalSection(ExtensibilityGlobals) = postSolution
		SolutionGuid = {41C7C0B1-212E-47FE-8361-1C95C232CAAD}
	EndGlobalSection
EndGlobal
